
Microsoft Visual Studio Solution File, Format Version 12.00
# Visual Studio Version 16
VisualStudioVersion = 16.0.32126.315
MinimumVisualStudioVersion = 10.0.40219.1
Project("{FAE04EC0-301F-11D3-BF4B-00C04F79EFBC}") = "PatternsUncleBob", "PatternsUncleBob.csproj", "{8C8A5E3B-499C-4313-9A0E-21C1BBE58542}"
EndProject
Global
	GlobalSection(SolutionConfigurationPlatforms) = preSolution
		Debug|Any CPU = Debug|Any CPU
		Release|Any CPU = Release|Any CPU
	EndGlobalSection
	GlobalSection(ProjectConfigurationPlatforms) = postSolution
		{8C8A5E3B-499C-4313-9A0E-21C1BBE58542}.Debug|Any CPU.ActiveCfg = Debug|Any CPU
		{8C8A5E3B-499C-4313-9A0E-21C1BBE58542}.Debug|Any CPU.Build.0 = Debug|Any CPU
		{8C8A5E3B-499C-4313-9A0E-21C1BBE58542}.Release|Any CPU.ActiveCfg = Release|Any CPU
		{8C8A5E3B-499C-4313-9A0E-21C1BBE58542}.Release|Any CPU.Build.0 = Release|Any CPU
	EndGlobalSection
	GlobalSection(SolutionProperties) = preSolution
		HideSolutionNode = FALSE
	EndGlobalSection
	GlobalSection(ExtensibilityGlobals) = postSolution
		SolutionGuid = {71027E77-A3C4-4A8A-ABBA-12EA58CBFF4C}
	EndGlobalSection
EndGlobal
